
Microsoft Visual Studio Solution File, Format Version 12.00
# Visual Studio Version 17
VisualStudioVersion = 17.4.33205.214
MinimumVisualStudioVersion = 10.0.40219.1
Project("{9A19103F-16F7-4668-BE54-9A1E7A4F7556}") = "MessageApp", "MessageApp\MessageApp.csproj", "{1D2456E5-92D5-4A2E-BC2F-35CDD35EBFDB}"
EndProject
Project("{9A19103F-16F7-4668-BE54-9A1E7A4F7556}") = "ContractLibrary", "ContractLibrary\ContractLibrary.csproj", "{6AA30A30-FDCF-4CF4-B49D-EA3ECA53E379}"
EndProject
Project("{9A19103F-16F7-4668-BE54-9A1E7A4F7556}") = "ServerChat", "ServerChat\ServerChat.csproj", "{EF18DC65-A76F-4A52-BDEB-9B89255C5AD1}"
EndProject
Global
	GlobalSection(SolutionConfigurationPlatforms) = preSolution
		Debug|Any CPU = Debug|Any CPU
		Release|Any CPU = Release|Any CPU
	EndGlobalSection
	GlobalSection(ProjectConfigurationPlatforms) = postSolution
		{1D2456E5-92D5-4A2E-BC2F-35CDD35EBFDB}.Debug|Any CPU.ActiveCfg = Debug|Any CPU
		{1D2456E5-92D5-4A2E-BC2F-35CDD35EBFDB}.Debug|Any CPU.Build.0 = Debug|Any CPU
		{1D2456E5-92D5-4A2E-BC2F-35CDD35EBFDB}.Release|Any CPU.ActiveCfg = Release|Any CPU
		{1D2456E5-92D5-4A2E-BC2F-35CDD35EBFDB}.Release|Any CPU.Build.0 = Release|Any CPU
		{6AA30A30-FDCF-4CF4-B49D-EA3ECA53E379}.Debug|Any CPU.ActiveCfg = Debug|Any CPU
		{6AA30A30-FDCF-4CF4-B49D-EA3ECA53E379}.Debug|Any CPU.Build.0 = Debug|Any CPU
		{6AA30A30-FDCF-4CF4-B49D-EA3ECA53E379}.Release|Any CPU.ActiveCfg = Release|Any CPU
		{6AA30A30-FDCF-4CF4-B49D-EA3ECA53E379}.Release|Any CPU.Build.0 = Release|Any CPU
		{EF18DC65-A76F-4A52-BDEB-9B89255C5AD1}.Debug|Any CPU.ActiveCfg = Debug|Any CPU
		{EF18DC65-A76F-4A52-BDEB-9B89255C5AD1}.Debug|Any CPU.Build.0 = Debug|Any CPU
		{EF18DC65-A76F-4A52-BDEB-9B89255C5AD1}.Release|Any CPU.ActiveCfg = Release|Any CPU
		{EF18DC65-A76F-4A52-BDEB-9B89255C5AD1}.Release|Any CPU.Build.0 = Release|Any CPU
	EndGlobalSection
	GlobalSection(SolutionProperties) = preSolution
		HideSolutionNode = FALSE
	EndGlobalSection
	GlobalSection(ExtensibilityGlobals) = postSolution
		SolutionGuid = {F0622F39-82AB-4FCA-8BED-3D825F8DE99F}
	EndGlobalSection
EndGlobal
